# This file is autogenerated, do not edit; changes may be undone by the next 'dep ensure'.


[[projects]]
  name = "github.com/go-kit/kit"
  packages = ["endpoint","log","transport/grpc"]
  revision = "a9ca6725cbbea455e61c6bc8a1ed28e81eb3493b"
  version = "v0.5.0"

[[projects]]
  name = "github.com/go-logfmt/logfmt"
  packages = ["."]
  revision = "390ab7935ee28ec6b286364bba9b4dd6410cb3d5"
  version = "v0.3.0"

[[projects]]
  name = "github.com/go-playground/locales"
  packages = [".","currency"]
  revision = "b860c92274dfb72f517b8b4c11c6d9f2f8cc9d91"
  version = "v0.11.1"

[[projects]]
  name = "github.com/go-playground/universal-translator"
  packages = ["."]
  revision = "b32fa301c9fe55953584134cb6853a13c87ec0a1"
  version = "v0.16.0"

[[projects]]
  name = "github.com/go-stack/stack"
  packages = ["."]
  revision = "54be5f394ed2c3e19dac9134a40a95ba5a017f7b"
  version = "v1.5.4"

[[projects]]
  branch = "master"
  name = "github.com/golang/protobuf"
  packages = ["proto","ptypes/any"]
  revision = "0a4f71a498b7c4812f64969510bcb4eca251e33a"

[[projects]]
  name = "github.com/graphql-go/graphql"
  packages = [".","gqlerrors","language/ast","language/kinds","language/lexer","language/location","language/parser","language/printer","language/source","language/typeInfo","language/visitor"]
  revision = "e13376c2344b5694a62b7cf6cd8b543c813cd5ee"
  version = "v0.6.0"

[[projects]]
  branch = "master"
  name = "github.com/graphql-go/handler"
  packages = ["."]
  revision = "07e3dd439c1f4ec14e685af7c48e8863bcc42c9d"

[[projects]]
  name = "github.com/jinzhu/gorm"
  packages = [".","dialects/postgres"]
  revision = "5174cc5c242a728b435ea2be8a2f7f998e15429b"
  version = "v1.0"

[[projects]]
  branch = "master"
  name = "github.com/jinzhu/inflection"
  packages = ["."]
  revision = "1c35d901db3da928c72a72d8458480cc9ade058f"

[[projects]]
  branch = "master"
  name = "github.com/kr/logfmt"
  packages = ["."]
  revision = "b84e30acd515aadc4b783ad4ff83aff3299bdfe0"

[[projects]]
  branch = "master"
  name = "github.com/lib/pq"
  packages = [".","hstore","oid"]
  revision = "dd1fe2071026ce53f36a39112e645b4d4f5793a4"

[[projects]]
  branch = "master"
  name = "github.com/mitchellh/mapstructure"
  packages = ["."]
  revision = "d0303fe809921458f417bcf828397a65db30a7e4"

[[projects]]
  branch = "master"
  name = "github.com/vetcher/comments-msv"
  packages = ["models","service","service/pb","transport","util"]
  revision = "0179487b0136bcbf47b7e5f0ccb37c4707029f69"

[[projects]]
  branch = "master"
  name = "golang.org/x/net"
  packages = ["context","http2","http2/hpack","idna","internal/timeseries","lex/httplex","trace"]
  revision = "f01ecb60fe3835d80d9a0b7b2bf24b228c89260e"

[[projects]]
  branch = "master"
  name = "golang.org/x/text"
  packages = ["internal/gen","internal/triegen","internal/ucd","secure/bidirule","transform","unicode/bidi","unicode/cldr","unicode/norm","unicode/rangetable"]
  revision = "836efe42bb4aa16aaa17b9c155d8813d336ed720"

[[projects]]
  branch = "master"
  name = "google.golang.org/genproto"
  packages = ["googleapis/rpc/status"]
  revision = "b0a3dcfcd1a9bd48e63634bd8802960804cf8315"

[[projects]]
  name = "google.golang.org/grpc"
  packages = [".","codes","credentials","grpclb/grpc_lb_v1","grpclog","internal","keepalive","metadata","naming","peer","stats","status","tap","transport"]
  revision = "b15215fb911b24a5d61d57feec4233d610530464"
  version = "v1.4.2"

[[projects]]
  name = "gopkg.in/go-playground/validator.v9"
  packages = ["."]
  revision = "fb68f39656d7ebf8aa339ad4917aa0c260ecc237"
  version = "v9.4.0"

[solve-meta]
  analyzer-name = "dep"
  analyzer-version = 1
  inputs-digest = "25063c2c813eabbcf9b1ed3420934538b6da20db4700436b01b428309b2c2d9e"
  solver-name = "gps-cdcl"
  solver-version = 1
